
Microsoft Visual Studio Solution File, Format Version 12.00
# Visual Studio Version 17
VisualStudioVersion = 17.6.33829.357
MinimumVisualStudioVersion = 10.0.40219.1
Project("{FAE04EC0-301F-11D3-BF4B-00C04F79EFBC}") = "C_Sharp_OOP_Practice(Basic Academy)", "C_Sharp_OOP_Practice(Basic Academy)\C_Sharp_OOP_Practice(Basic Academy).csproj", "{F1F160AD-6AA4-45C2-A600-F2B1FEFB17C9}"
EndProject
Global
	GlobalSection(SolutionConfigurationPlatforms) = preSolution
		Debug|Any CPU = Debug|Any CPU
		Release|Any CPU = Release|Any CPU
	EndGlobalSection
	GlobalSection(ProjectConfigurationPlatforms) = postSolution
		{F1F160AD-6AA4-45C2-A600-F2B1FEFB17C9}.Debug|Any CPU.ActiveCfg = Debug|Any CPU
		{F1F160AD-6AA4-45C2-A600-F2B1FEFB17C9}.Debug|Any CPU.Build.0 = Debug|Any CPU
		{F1F160AD-6AA4-45C2-A600-F2B1FEFB17C9}.Release|Any CPU.ActiveCfg = Release|Any CPU
		{F1F160AD-6AA4-45C2-A600-F2B1FEFB17C9}.Release|Any CPU.Build.0 = Release|Any CPU
	EndGlobalSection
	GlobalSection(SolutionProperties) = preSolution
		HideSolutionNode = FALSE
	EndGlobalSection
	GlobalSection(ExtensibilityGlobals) = postSolution
		SolutionGuid = {E2F03F71-99EA-4DAD-B928-F86BE516B285}
	EndGlobalSection
EndGlobal
